
Microsoft Visual Studio Solution File, Format Version 12.00
# Visual Studio 15
VisualStudioVersion = 15.0.28307.168
MinimumVisualStudioVersion = 10.0.40219.1
Project("{FAE04EC0-301F-11D3-BF4B-00C04F79EFBC}") = "Boucles-Exercice-1", "Boucles-Exercice-1\Boucles-Exercice-1.csproj", "{BD2559C9-EF03-4129-914A-C5197B9B820A}"
EndProject
Global
	GlobalSection(SolutionConfigurationPlatforms) = preSolution
		Debug|Any CPU = Debug|Any CPU
		Release|Any CPU = Release|Any CPU
	EndGlobalSection
	GlobalSection(ProjectConfigurationPlatforms) = postSolution
		{BD2559C9-EF03-4129-914A-C5197B9B820A}.Debug|Any CPU.ActiveCfg = Debug|Any CPU
		{BD2559C9-EF03-4129-914A-C5197B9B820A}.Debug|Any CPU.Build.0 = Debug|Any CPU
		{BD2559C9-EF03-4129-914A-C5197B9B820A}.Release|Any CPU.ActiveCfg = Release|Any CPU
		{BD2559C9-EF03-4129-914A-C5197B9B820A}.Release|Any CPU.Build.0 = Release|Any CPU
	EndGlobalSection
	GlobalSection(SolutionProperties) = preSolution
		HideSolutionNode = FALSE
	EndGlobalSection
	GlobalSection(ExtensibilityGlobals) = postSolution
		SolutionGuid = {EA36B579-ACE9-4F1B-BBB5-58FB9952BB71}
	EndGlobalSection
EndGlobal
